
Microsoft Visual Studio Solution File, Format Version 12.00
# Visual Studio Version 17
VisualStudioVersion = 17.5.002.0
MinimumVisualStudioVersion = 10.0.40219.1
Project("{9A19103F-16F7-4668-BE54-9A1E7A4F7556}") = "proyecto1", "proyecto1.csproj", "{3089EE57-8D4E-423B-B550-46B9AEACCDF3}"
EndProject
Global
	GlobalSection(SolutionConfigurationPlatforms) = preSolution
		Debug|Any CPU = Debug|Any CPU
		Release|Any CPU = Release|Any CPU
	EndGlobalSection
	GlobalSection(ProjectConfigurationPlatforms) = postSolution
		{3089EE57-8D4E-423B-B550-46B9AEACCDF3}.Debug|Any CPU.ActiveCfg = Debug|Any CPU
		{3089EE57-8D4E-423B-B550-46B9AEACCDF3}.Debug|Any CPU.Build.0 = Debug|Any CPU
		{3089EE57-8D4E-423B-B550-46B9AEACCDF3}.Release|Any CPU.ActiveCfg = Release|Any CPU
		{3089EE57-8D4E-423B-B550-46B9AEACCDF3}.Release|Any CPU.Build.0 = Release|Any CPU
	EndGlobalSection
	GlobalSection(SolutionProperties) = preSolution
		HideSolutionNode = FALSE
	EndGlobalSection
	GlobalSection(ExtensibilityGlobals) = postSolution
		SolutionGuid = {3F26DCB8-FBF4-4A2E-9C45-D16924B0AC84}
	EndGlobalSection
EndGlobal
